
Microsoft Visual Studio Solution File, Format Version 12.00
# Visual Studio Version 16
VisualStudioVersion = 16.0.29613.14
MinimumVisualStudioVersion = 10.0.40219.1
Project("{FAE04EC0-301F-11D3-BF4B-00C04F79EFBC}") = "GroceryStore", "GroceryStore\GroceryStore.csproj", "{A0DFE159-22CF-448E-939B-533CD5F98F93}"
EndProject
Project("{FAE04EC0-301F-11D3-BF4B-00C04F79EFBC}") = "DataLibrary", "DataLibrary\DataLibrary.csproj", "{A73EE3D5-2D15-4994-B423-5EC10FB8FE51}"
EndProject
Global
	GlobalSection(SolutionConfigurationPlatforms) = preSolution
		Debug|Any CPU = Debug|Any CPU
		Debug|x86 = Debug|x86
		Release|Any CPU = Release|Any CPU
		Release|x86 = Release|x86
	EndGlobalSection
	GlobalSection(ProjectConfigurationPlatforms) = postSolution
		{A0DFE159-22CF-448E-939B-533CD5F98F93}.Debug|Any CPU.ActiveCfg = Debug|Any CPU
		{A0DFE159-22CF-448E-939B-533CD5F98F93}.Debug|Any CPU.Build.0 = Debug|Any CPU
		{A0DFE159-22CF-448E-939B-533CD5F98F93}.Debug|x86.ActiveCfg = Debug|Any CPU
		{A0DFE159-22CF-448E-939B-533CD5F98F93}.Debug|x86.Build.0 = Debug|Any CPU
		{A0DFE159-22CF-448E-939B-533CD5F98F93}.Release|Any CPU.ActiveCfg = Release|Any CPU
		{A0DFE159-22CF-448E-939B-533CD5F98F93}.Release|Any CPU.Build.0 = Release|Any CPU
		{A0DFE159-22CF-448E-939B-533CD5F98F93}.Release|x86.ActiveCfg = Release|Any CPU
		{A0DFE159-22CF-448E-939B-533CD5F98F93}.Release|x86.Build.0 = Release|Any CPU
		{A73EE3D5-2D15-4994-B423-5EC10FB8FE51}.Debug|Any CPU.ActiveCfg = Debug|Any CPU
		{A73EE3D5-2D15-4994-B423-5EC10FB8FE51}.Debug|Any CPU.Build.0 = Debug|Any CPU
		{A73EE3D5-2D15-4994-B423-5EC10FB8FE51}.Debug|x86.ActiveCfg = Debug|Any CPU
		{A73EE3D5-2D15-4994-B423-5EC10FB8FE51}.Debug|x86.Build.0 = Debug|Any CPU
		{A73EE3D5-2D15-4994-B423-5EC10FB8FE51}.Release|Any CPU.ActiveCfg = Release|Any CPU
		{A73EE3D5-2D15-4994-B423-5EC10FB8FE51}.Release|Any CPU.Build.0 = Release|Any CPU
		{A73EE3D5-2D15-4994-B423-5EC10FB8FE51}.Release|x86.ActiveCfg = Release|Any CPU
		{A73EE3D5-2D15-4994-B423-5EC10FB8FE51}.Release|x86.Build.0 = Release|Any CPU
	EndGlobalSection
	GlobalSection(SolutionProperties) = preSolution
		HideSolutionNode = FALSE
	EndGlobalSection
	GlobalSection(ExtensibilityGlobals) = postSolution
		SolutionGuid = {4B656C3F-E899-4088-A348-859356013BF8}
	EndGlobalSection
EndGlobal
